<?xml version="1.0" encoding="utf-8"?>
<Project ToolsVersion="4.0" xmlns="http://schemas.microsoft.com/developer/msbuild/2003">
  <ItemGroup>
    <ClCompile Include="main.cpp" />
    <ClCompile Include="Tests\Src\Fixtures\BitOperationsTests.cpp">
      <Filter>Tests\Src\Fixtures</Filter>
    </ClCompile>
    <ClCompile Include="Tests\Src\Fixtures\MemoryOperationsTests.cpp">
      <Filter>Tests\Src\Fixtures</Filter>
    </ClCompile>
    <ClCompile Include="Tests\Src\Fixtures\HeapZoneTests.cpp">
      <Filter>Tests\Src\Fixtures</Filter>
    </ClCompile>
    <ClCompile Include="Memory\Src\HeapZone\HeapZoneBase.cpp">
      <Filter>Memory\Src\HeapZone</Filter>
    </ClCompile>
    <ClCompile Include="Memory\Src\Allocators\FreeListAllocator\BlockInfo.cpp">
      <Filter>Memory\Src\Allocators\FreeListAllocator</Filter>
    </ClCompile>
    <ClCompile Include="Memory\Src\Allocators\AllocatorStats.cpp">
      <Filter>Memory\Src\Allocators</Filter>
    </ClCompile>
    <ClCompile Include="Tests\Src\Fixtures\FreeListAllocatorTests.cpp">
      <Filter>Tests\Src\Fixtures</Filter>
    </ClCompile>
  </ItemGroup>
  <ItemGroup>
    <Filter Include="Tests">
      <UniqueIdentifier>{0d9f41cf-d11d-4807-9b22-31b478704aee}</UniqueIdentifier>
    </Filter>
    <Filter Include="Tests\Inc">
      <UniqueIdentifier>{3a912592-1377-460d-8835-4785cfeadeaf}</UniqueIdentifier>
    </Filter>
    <Filter Include="Tests\Src">
      <UniqueIdentifier>{0b6bdcb4-3013-4afe-92e3-3db54f49cb65}</UniqueIdentifier>
    </Filter>
    <Filter Include="Memory">
      <UniqueIdentifier>{377129ce-6888-4388-85dc-b23bba2d50d1}</UniqueIdentifier>
    </Filter>
    <Filter Include="Memory\Inc">
      <UniqueIdentifier>{8a5296c7-72fe-4e06-bebd-7dcf882c4873}</UniqueIdentifier>
    </Filter>
    <Filter Include="Memory\Src">
      <UniqueIdentifier>{c29e7914-f15a-46a8-b899-20b572b09368}</UniqueIdentifier>
    </Filter>
    <Filter Include="Memory\Inl">
      <UniqueIdentifier>{942e712a-4844-4a02-8656-8048171526f3}</UniqueIdentifier>
    </Filter>
    <Filter Include="Core">
      <UniqueIdentifier>{c571a525-9040-4b4e-a526-fcbc1a7c8cd0}</UniqueIdentifier>
    </Filter>
    <Filter Include="Core\Inc">
      <UniqueIdentifier>{502c7e23-038d-4940-9d75-345856007cc5}</UniqueIdentifier>
    </Filter>
    <Filter Include="Utils">
      <UniqueIdentifier>{2564592c-af2c-421f-8ae1-94222658ec4f}</UniqueIdentifier>
    </Filter>
    <Filter Include="Utils\Inc">
      <UniqueIdentifier>{5328bb04-5a23-40f7-a47c-d5df7a384e2b}</UniqueIdentifier>
    </Filter>
    <Filter Include="Config">
      <UniqueIdentifier>{692f8928-fa6c-480b-8829-6fb2cbf37e39}</UniqueIdentifier>
    </Filter>
    <Filter Include="Config\Inc">
      <UniqueIdentifier>{5f11468d-0535-461d-9ce1-e38c87a12999}</UniqueIdentifier>
    </Filter>
    <Filter Include="Tests\Src\Fixtures">
      <UniqueIdentifier>{3b3d7ec7-f79c-4b32-adf5-603c24e980f8}</UniqueIdentifier>
    </Filter>
    <Filter Include="Memory\Inc\HeapZone">
      <UniqueIdentifier>{4c480661-1b20-4eba-974c-f1260193d942}</UniqueIdentifier>
    </Filter>
    <Filter Include="Memory\Inl\HeapZone">
      <UniqueIdentifier>{2003bf25-043c-4e78-b285-5c113368c8de}</UniqueIdentifier>
    </Filter>
    <Filter Include="Memory\Inc\Operations">
      <UniqueIdentifier>{61f8bc4d-9684-4de0-9c2b-35bee3a6777c}</UniqueIdentifier>
    </Filter>
    <Filter Include="Memory\Inl\Operations">
      <UniqueIdentifier>{ace9d205-79ff-4af1-8ff0-2727442192b1}</UniqueIdentifier>
    </Filter>
    <Filter Include="Memory\Src\HeapZone">
      <UniqueIdentifier>{f94d031a-1471-4704-a8ea-0586d86a7a58}</UniqueIdentifier>
    </Filter>
    <Filter Include="Memory\Inc\Allocators">
      <UniqueIdentifier>{86b90a82-7c44-4fb6-b86c-2eb6d74b98e4}</UniqueIdentifier>
    </Filter>
    <Filter Include="Memory\Inc\Allocators\FreeListAllocator">
      <UniqueIdentifier>{dd23aedd-1aec-4497-a781-8092c08bc863}</UniqueIdentifier>
    </Filter>
    <Filter Include="Memory\Src\Allocators">
      <UniqueIdentifier>{33649a5e-1d15-4385-8929-331ebae52cc0}</UniqueIdentifier>
    </Filter>
    <Filter Include="Memory\Src\Allocators\FreeListAllocator">
      <UniqueIdentifier>{76e173c5-6dc6-4de0-9634-5de7ac2ba033}</UniqueIdentifier>
    </Filter>
    <Filter Include="Memory\Inl\Allocators">
      <UniqueIdentifier>{ef6e5d2a-08a3-4fe7-a7ea-8b58acdd591e}</UniqueIdentifier>
    </Filter>
    <Filter Include="Memory\Inl\Allocators\FreeListAllocator">
      <UniqueIdentifier>{762ea10b-1fb1-4866-8484-e5ff3b268d16}</UniqueIdentifier>
    </Filter>
  </ItemGroup>
  <ItemGroup>
    <None Include="packages.config" />
    <None Include="Memory\Inl\Operations\BitOperations.inl">
      <Filter>Memory\Inl\Operations</Filter>
    </None>
    <None Include="Memory\Inl\Operations\MemoryOperations.inl">
      <Filter>Memory\Inl\Operations</Filter>
    </None>
    <None Include="Memory\Inl\HeapZone\HeapZone.inl">
      <Filter>Memory\Inl\HeapZone</Filter>
    </None>
    <None Include="Memory\Inl\HeapZone\HeapZoneBase.inl">
      <Filter>Memory\Inl\HeapZone</Filter>
    </None>
    <None Include="cpp.hint" />
    <None Include="Memory\Inl\Allocators\FreeListAllocator\FreeListAllocator.inl">
      <Filter>Memory\Inl\Allocators\FreeListAllocator</Filter>
    </None>
  </ItemGroup>
  <ItemGroup>
    <Text Include="Todo.txt" />
  </ItemGroup>
  <ItemGroup>
    <ClInclude Include="Utils\Inc\DebugUtils.h">
      <Filter>Utils\Inc</Filter>
    </ClInclude>
    <ClInclude Include="Utils\Inc\MacroUtils.h">
      <Filter>Utils\Inc</Filter>
    </ClInclude>
    <ClInclude Include="Utils\Inc\TypeUtils.h">
      <Filter>Utils\Inc</Filter>
    </ClInclude>
    <ClInclude Include="Config\Inc\Config.h">
      <Filter>Config\Inc</Filter>
    </ClInclude>
    <ClInclude Include="Config\Inc\Version.h">
      <Filter>Config\Inc</Filter>
    </ClInclude>
    <ClInclude Include="Core\Inc\IntegerTypes.h">
      <Filter>Core\Inc</Filter>
    </ClInclude>
    <ClInclude Include="Core\Inc\CharacterConstants.h">
      <Filter>Core\Inc</Filter>
    </ClInclude>
    <ClInclude Include="Memory\Inc\MemoryConstants.h">
      <Filter>Memory\Inc</Filter>
    </ClInclude>
    <ClInclude Include="Core\Inc\TemplateConcepts.h">
      <Filter>Core\Inc</Filter>
    </ClInclude>
    <ClInclude Include="Memory\Inc\Operations\BitOperations.h">
      <Filter>Memory\Inc\Operations</Filter>
    </ClInclude>
    <ClInclude Include="Memory\Inc\Operations\MemoryOperations.h">
      <Filter>Memory\Inc\Operations</Filter>
    </ClInclude>
    <ClInclude Include="Memory\Inc\HeapZone\HeapZone.h">
      <Filter>Memory\Inc\HeapZone</Filter>
    </ClInclude>
    <ClInclude Include="Memory\Inc\HeapZone\HeapZoneBase.h">
      <Filter>Memory\Inc\HeapZone</Filter>
    </ClInclude>
    <ClInclude Include="Memory\Inc\HeapZone\HeapZoneInfo.h">
      <Filter>Memory\Inc\HeapZone</Filter>
    </ClInclude>
    <ClInclude Include="Memory\Inc\Allocators\AllocatorBase.h">
      <Filter>Memory\Inc\Allocators</Filter>
    </ClInclude>
    <ClInclude Include="Memory\Inc\Allocators\FreeListAllocator\FreeListAllocator.h">
      <Filter>Memory\Inc\Allocators\FreeListAllocator</Filter>
    </ClInclude>
    <ClInclude Include="Memory\Inc\Allocators\FreeListAllocator\BlockInfo.h">
      <Filter>Memory\Inc\Allocators\FreeListAllocator</Filter>
    </ClInclude>
    <ClInclude Include="Memory\Inc\Allocators\FreeListAllocator\BlockInfoIndex.h">
      <Filter>Memory\Inc\Allocators\FreeListAllocator</Filter>
    </ClInclude>
    <ClInclude Include="Memory\Inc\Allocators\FreeListAllocator\FreeListNode.h">
      <Filter>Memory\Inc\Allocators\FreeListAllocator</Filter>
    </ClInclude>
    <ClInclude Include="Memory\Inc\Allocators\FreeListAllocator\BlockPadding.h">
      <Filter>Memory\Inc\Allocators\FreeListAllocator</Filter>
    </ClInclude>
    <ClInclude Include="Memory\Inc\Allocators\AllocatorStats.h">
      <Filter>Memory\Inc\Allocators</Filter>
    </ClInclude>
    <ClInclude Include="Memory\Inc\Allocators\FreeListAllocator\SearchAlgorithm.h">
      <Filter>Memory\Inc\Allocators\FreeListAllocator</Filter>
    </ClInclude>
    <ClInclude Include="Memory\Inc\Allocators\FreeListAllocator\FreeListAllocatorSettings.h">
      <Filter>Memory\Inc\Allocators\FreeListAllocator</Filter>
    </ClInclude>
  </ItemGroup>
</Project>